// !$*UTF8*$!
{
	archiveVersion = 1;
	classes = {
	};
	objectVersion = 46;
	objects = {

/* Begin PBXBuildFile section */
		7309243A1DE5CAD70035F230 /* PersonObject.swift in Sources */ = {isa = PBXBuildFile; fileRef = 730924391DE5CAD70035F230 /* PersonObject.swift */; };
		7329334F1DCF773700235716 /* AppDelegate.swift in Sources */ = {isa = PBXBuildFile; fileRef = 7329334E1DCF773700235716 /* AppDelegate.swift */; };
		732933511DCF773700235716 /* ViewController.swift in Sources */ = {isa = PBXBuildFile; fileRef = 732933501DCF773700235716 /* ViewController.swift */; };
		732933541DCF773700235716 /* Main.storyboard in Resources */ = {isa = PBXBuildFile; fileRef = 732933521DCF773700235716 /* Main.storyboard */; };
		732933561DCF773700235716 /* Assets.xcassets in Resources */ = {isa = PBXBuildFile; fileRef = 732933551DCF773700235716 /* Assets.xcassets */; };
		732933591DCF773700235716 /* LaunchScreen.storyboard in Resources */ = {isa = PBXBuildFile; fileRef = 732933571DCF773700235716 /* LaunchScreen.storyboard */; };
		736393861DE64C7200182DB7 /* PersonPersister.swift in Sources */ = {isa = PBXBuildFile; fileRef = 736393851DE64C7200182DB7 /* PersonPersister.swift */; };
		7363938A1DE7644D00182DB7 /* AddGoalPopUp.swift in Sources */ = {isa = PBXBuildFile; fileRef = 736393891DE7644D00182DB7 /* AddGoalPopUp.swift */; };
		736A831F1DD02A9A00040232 /* Localizable.strings in Resources */ = {isa = PBXBuildFile; fileRef = 736A83211DD02A9A00040232 /* Localizable.strings */; };
		737F6D181DE7E73B0013E43F /* PictureSaver.swift in Sources */ = {isa = PBXBuildFile; fileRef = 737F6D171DE7E73B0013E43F /* PictureSaver.swift */; };
		73DACB431DCF94E300FE89E2 /* TableViewController.swift in Sources */ = {isa = PBXBuildFile; fileRef = 73DACB421DCF94E300FE89E2 /* TableViewController.swift */; };
		73DACB451DCF9CD300FE89E2 /* Goal.swift in Sources */ = {isa = PBXBuildFile; fileRef = 73DACB441DCF9CD300FE89E2 /* Goal.swift */; };
		73DACB471DCF9E3D00FE89E2 /* PresetGoal.swift in Sources */ = {isa = PBXBuildFile; fileRef = 73DACB461DCF9E3D00FE89E2 /* PresetGoal.swift */; };
		73DACB4A1DCFA93500FE89E2 /* GoalCollection.swift in Sources */ = {isa = PBXBuildFile; fileRef = 73DACB491DCFA93500FE89E2 /* GoalCollection.swift */; };
		73DACB4C1DCFB3E100FE89E2 /* CollectionCell.swift in Sources */ = {isa = PBXBuildFile; fileRef = 73DACB4B1DCFB3E100FE89E2 /* CollectionCell.swift */; };
/* End PBXBuildFile section */

/* Begin PBXFileReference section */
		730924391DE5CAD70035F230 /* PersonObject.swift */ = {isa = PBXFileReference; fileEncoding = 4; lastKnownFileType = sourcecode.swift; path = PersonObject.swift; sourceTree = "<group>"; };
		7329334B1DCF773700235716 /* Project02.app */ = {isa = PBXFileReference; explicitFileType = wrapper.application; includeInIndex = 0; path = Project02.app; sourceTree = BUILT_PRODUCTS_DIR; };
		7329334E1DCF773700235716 /* AppDelegate.swift */ = {isa = PBXFileReference; lastKnownFileType = sourcecode.swift; path = AppDelegate.swift; sourceTree = "<group>"; };
		732933501DCF773700235716 /* ViewController.swift */ = {isa = PBXFileReference; lastKnownFileType = sourcecode.swift; path = ViewController.swift; sourceTree = "<group>"; };
		732933531DCF773700235716 /* Base */ = {isa = PBXFileReference; lastKnownFileType = file.storyboard; name = Base; path = Base.lproj/Main.storyboard; sourceTree = "<group>"; };
		732933551DCF773700235716 /* Assets.xcassets */ = {isa = PBXFileReference; lastKnownFileType = folder.assetcatalog; path = Assets.xcassets; sourceTree = "<group>"; };
		732933581DCF773700235716 /* Base */ = {isa = PBXFileReference; lastKnownFileType = file.storyboard; name = Base; path = Base.lproj/LaunchScreen.storyboard; sourceTree = "<group>"; };
		7329335A1DCF773700235716 /* Info.plist */ = {isa = PBXFileReference; lastKnownFileType = text.plist.xml; path = Info.plist; sourceTree = "<group>"; };
		736393851DE64C7200182DB7 /* PersonPersister.swift */ = {isa = PBXFileReference; fileEncoding = 4; lastKnownFileType = sourcecode.swift; path = PersonPersister.swift; sourceTree = "<group>"; };
		736393891DE7644D00182DB7 /* AddGoalPopUp.swift */ = {isa = PBXFileReference; fileEncoding = 4; lastKnownFileType = sourcecode.swift; path = AddGoalPopUp.swift; sourceTree = "<group>"; };
		736A83201DD02A9A00040232 /* Base */ = {isa = PBXFileReference; lastKnownFileType = text.plist.strings; name = Base; path = Base.lproj/Localizable.strings; sourceTree = "<group>"; };
		736A83221DD02A9C00040232 /* en */ = {isa = PBXFileReference; lastKnownFileType = text.plist.strings; name = en; path = en.lproj/Localizable.strings; sourceTree = "<group>"; };
		736A83231DD02A9C00040232 /* fr */ = {isa = PBXFileReference; lastKnownFileType = text.plist.strings; name = fr; path = fr.lproj/Localizable.strings; sourceTree = "<group>"; };
		737F6D171DE7E73B0013E43F /* PictureSaver.swift */ = {isa = PBXFileReference; fileEncoding = 4; lastKnownFileType = sourcecode.swift; path = PictureSaver.swift; sourceTree = "<group>"; };
		73DACB421DCF94E300FE89E2 /* TableViewController.swift */ = {isa = PBXFileReference; fileEncoding = 4; lastKnownFileType = sourcecode.swift; path = TableViewController.swift; sourceTree = "<group>"; };
		73DACB441DCF9CD300FE89E2 /* Goal.swift */ = {isa = PBXFileReference; fileEncoding = 4; lastKnownFileType = sourcecode.swift; path = Goal.swift; sourceTree = "<group>"; };
		73DACB461DCF9E3D00FE89E2 /* PresetGoal.swift */ = {isa = PBXFileReference; fileEncoding = 4; lastKnownFileType = sourcecode.swift; path = PresetGoal.swift; sourceTree = "<group>"; };
		73DACB491DCFA93500FE89E2 /* GoalCollection.swift */ = {isa = PBXFileReference; fileEncoding = 4; lastKnownFileType = sourcecode.swift; path = GoalCollection.swift; sourceTree = "<group>"; };
		73DACB4B1DCFB3E100FE89E2 /* CollectionCell.swift */ = {isa = PBXFileReference; fileEncoding = 4; lastKnownFileType = sourcecode.swift; path = CollectionCell.swift; sourceTree = "<group>"; };
		73DACB501DD0208200FE89E2 /* en */ = {isa = PBXFileReference; lastKnownFileType = text.plist.strings; name = en; path = en.lproj/Main.strings; sourceTree = "<group>"; };
		73DACB511DD020AD00FE89E2 /* fr */ = {isa = PBXFileReference; lastKnownFileType = text.plist.strings; name = fr; path = fr.lproj/Main.strings; sourceTree = "<group>"; };
		73DACB521DD020AD00FE89E2 /* fr */ = {isa = PBXFileReference; lastKnownFileType = text.plist.strings; name = fr; path = fr.lproj/LaunchScreen.strings; sourceTree = "<group>"; };
/* End PBXFileReference section */

/* Begin PBXFrameworksBuildPhase section */
		732933481DCF773700235716 /* Frameworks */ = {
			isa = PBXFrameworksBuildPhase;
			buildActionMask = 2147483647;
			files = (
			);
			runOnlyForDeploymentPostprocessing = 0;
		};
/* End PBXFrameworksBuildPhase section */

/* Begin PBXGroup section */
		732933421DCF773700235716 = {
			isa = PBXGroup;
			children = (
				736A83211DD02A9A00040232 /* Localizable.strings */,
				7329334D1DCF773700235716 /* Project01 */,
				7329334C1DCF773700235716 /* Products */,
			);
			sourceTree = "<group>";
		};
		7329334C1DCF773700235716 /* Products */ = {
			isa = PBXGroup;
			children = (
				7329334B1DCF773700235716 /* Project02.app */,
			);
			name = Products;
			sourceTree = "<group>";
		};
		7329334D1DCF773700235716 /* Project01 */ = {
			isa = PBXGroup;
			children = (
				73DACB481DCFA2D000FE89E2 /* Model */,
				7329334E1DCF773700235716 /* AppDelegate.swift */,
				73DACB421DCF94E300FE89E2 /* TableViewController.swift */,
				732933501DCF773700235716 /* ViewController.swift */,
				737F6D171DE7E73B0013E43F /* PictureSaver.swift */,
				732933521DCF773700235716 /* Main.storyboard */,
				736393891DE7644D00182DB7 /* AddGoalPopUp.swift */,
				730924391DE5CAD70035F230 /* PersonObject.swift */,
				736393851DE64C7200182DB7 /* PersonPersister.swift */,
				73DACB4B1DCFB3E100FE89E2 /* CollectionCell.swift */,
				732933551DCF773700235716 /* Assets.xcassets */,
				732933571DCF773700235716 /* LaunchScreen.storyboard */,
				7329335A1DCF773700235716 /* Info.plist */,
			);
			path = Project01;
			sourceTree = "<group>";
		};
		73DACB481DCFA2D000FE89E2 /* Model */ = {
			isa = PBXGroup;
			children = (
				73DACB441DCF9CD300FE89E2 /* Goal.swift */,
				73DACB461DCF9E3D00FE89E2 /* PresetGoal.swift */,
				73DACB491DCFA93500FE89E2 /* GoalCollection.swift */,
			);
			name = Model;
			sourceTree = "<group>";
		};
/* End PBXGroup section */

/* Begin PBXNativeTarget section */
		7329334A1DCF773700235716 /* Project02 */ = {
			isa = PBXNativeTarget;
			buildConfigurationList = 7329335D1DCF773700235716 /* Build configuration list for PBXNativeTarget "Project02" */;
			buildPhases = (
				732933471DCF773700235716 /* Sources */,
				732933481DCF773700235716 /* Frameworks */,
				732933491DCF773700235716 /* Resources */,
			);
			buildRules = (
			);
			dependencies = (
			);
			name = Project02;
			productName = Project01;
			productReference = 7329334B1DCF773700235716 /* Project02.app */;
			productType = "com.apple.product-type.application";
		};
/* End PBXNativeTarget section */

/* Begin PBXProject section */
		732933431DCF773700235716 /* Project object */ = {
			isa = PBXProject;
			attributes = {
				LastSwiftUpdateCheck = 0810;
				LastUpgradeCheck = 0810;
				ORGANIZATIONNAME = Ocasiocorp;
				TargetAttributes = {
					7329334A1DCF773700235716 = {
						CreatedOnToolsVersion = 8.1;
						DevelopmentTeam = GU36ZR7CU2;
						ProvisioningStyle = Automatic;
					};
				};
			};
			buildConfigurationList = 732933461DCF773700235716 /* Build configuration list for PBXProject "Project02" */;
			compatibilityVersion = "Xcode 3.2";
			developmentRegion = English;
			hasScannedForEncodings = 0;
			knownRegions = (
				en,
				Base,
				fr,
			);
			mainGroup = 732933421DCF773700235716;
			productRefGroup = 7329334C1DCF773700235716 /* Products */;
			projectDirPath = "";
			projectRoot = "";
			targets = (
				7329334A1DCF773700235716 /* Project02 */,
			);
		};
/* End PBXProject section */

/* Begin PBXResourcesBuildPhase section */
		732933491DCF773700235716 /* Resources */ = {
			isa = PBXResourcesBuildPhase;
			buildActionMask = 2147483647;
			files = (
				732933591DCF773700235716 /* LaunchScreen.storyboard in Resources */,
				736A831F1DD02A9A00040232 /* Localizable.strings in Resources */,
				732933561DCF773700235716 /* Assets.xcassets in Resources */,
				732933541DCF773700235716 /* Main.storyboard in Resources */,
			);
			runOnlyForDeploymentPostprocessing = 0;
		};
/* End PBXResourcesBuildPhase section */

/* Begin PBXSourcesBuildPhase section */
		732933471DCF773700235716 /* Sources */ = {
			isa = PBXSourcesBuildPhase;
			buildActionMask = 2147483647;
			files = (
				73DACB4A1DCFA93500FE89E2 /* GoalCollection.swift in Sources */,
				73DACB451DCF9CD300FE89E2 /* Goal.swift in Sources */,
				737F6D181DE7E73B0013E43F /* PictureSaver.swift in Sources */,
				73DACB471DCF9E3D00FE89E2 /* PresetGoal.swift in Sources */,
				7309243A1DE5CAD70035F230 /* PersonObject.swift in Sources */,
				732933511DCF773700235716 /* ViewController.swift in Sources */,
				73DACB4C1DCFB3E100FE89E2 /* CollectionCell.swift in Sources */,
				73DACB431DCF94E300FE89E2 /* TableViewController.swift in Sources */,
				7329334F1DCF773700235716 /* AppDelegate.swift in Sources */,
				736393861DE64C7200182DB7 /* PersonPersister.swift in Sources */,
				7363938A1DE7644D00182DB7 /* AddGoalPopUp.swift in Sources */,
			);
			runOnlyForDeploymentPostprocessing = 0;
		};
/* End PBXSourcesBuildPhase section */

/* Begin PBXVariantGroup section */
		732933521DCF773700235716 /* Main.storyboard */ = {
			isa = PBXVariantGroup;
			children = (
				732933531DCF773700235716 /* Base */,
				73DACB501DD0208200FE89E2 /* en */,
				73DACB511DD020AD00FE89E2 /* fr */,
			);
			name = Main.storyboard;
			sourceTree = "<group>";
		};
		732933571DCF773700235716 /* LaunchScreen.storyboard */ = {
			isa = PBXVariantGroup;
			children = (
				732933581DCF773700235716 /* Base */,
				73DACB521DD020AD00FE89E2 /* fr */,
			);
			name = LaunchScreen.storyboard;
			sourceTree = "<group>";
		};
		736A83211DD02A9A00040232 /* Localizable.strings */ = {
			isa = PBXVariantGroup;
			children = (
				736A83201DD02A9A00040232 /* Base */,
				736A83221DD02A9C00040232 /* en */,
				736A83231DD02A9C00040232 /* fr */,
			);
			name = Localizable.strings;
			path = Project01;
			sourceTree = "<group>";
		};
/* End PBXVariantGroup section */

/* Begin XCBuildConfiguration section */
		7329335B1DCF773700235716 /* Debug */ = {
			isa = XCBuildConfiguration;
			buildSettings = {
				ALWAYS_SEARCH_USER_PATHS = NO;
				CLANG_ANALYZER_LOCALIZABILITY_NONLOCALIZED = YES;
				CLANG_ANALYZER_NONNULL = YES;
				CLANG_CXX_LANGUAGE_STANDARD = "gnu++0x";
				CLANG_CXX_LIBRARY = "libc++";
				CLANG_ENABLE_MODULES = YES;
				CLANG_ENABLE_OBJC_ARC = YES;
				CLANG_WARN_BOOL_CONVERSION = YES;
				CLANG_WARN_CONSTANT_CONVERSION = YES;
				CLANG_WARN_DIRECT_OBJC_ISA_USAGE = YES_ERROR;
				CLANG_WARN_DOCUMENTATION_COMMENTS = YES;
				CLANG_WARN_EMPTY_BODY = YES;
				CLANG_WARN_ENUM_CONVERSION = YES;
				CLANG_WARN_INFINITE_RECURSION = YES;
				CLANG_WARN_INT_CONVERSION = YES;
				CLANG_WARN_OBJC_ROOT_CLASS = YES_ERROR;
				CLANG_WARN_SUSPICIOUS_MOVES = YES;
				CLANG_WARN_UNREACHABLE_CODE = YES;
				CLANG_WARN__DUPLICATE_METHOD_MATCH = YES;
				"CODE_SIGN_IDENTITY[sdk=iphoneos*]" = "iPhone Developer";
				COPY_PHASE_STRIP = NO;
				DEBUG_INFORMATION_FORMAT = dwarf;
				ENABLE_STRICT_OBJC_MSGSEND = YES;
				ENABLE_TESTABILITY = YES;
				GCC_C_LANGUAGE_STANDARD = gnu99;
				GCC_DYNAMIC_NO_PIC = NO;
				GCC_NO_COMMON_BLOCKS = YES;
				GCC_OPTIMIZATION_LEVEL = 0;
				GCC_PREPROCESSOR_DEFINITIONS = (
					"DEBUG=1",
					"$(inherited)",
				);
				GCC_WARN_64_TO_32_BIT_CONVERSION = YES;
				GCC_WARN_ABOUT_RETURN_TYPE = YES_ERROR;
				GCC_WARN_UNDECLARED_SELECTOR = YES;
				GCC_WARN_UNINITIALIZED_AUTOS = YES_AGGRESSIVE;
				GCC_WARN_UNUSED_FUNCTION = YES;
				GCC_WARN_UNUSED_VARIABLE = YES;
				IPHONEOS_DEPLOYMENT_TARGET = 10.0;
				MTL_ENABLE_DEBUG_INFO = YES;
				ONLY_ACTIVE_ARCH = YES;
				SDKROOT = iphoneos;
				SWIFT_ACTIVE_COMPILATION_CONDITIONS = DEBUG;
				SWIFT_OPTIMIZATION_LEVEL = "-Onone";
			};
			name = Debug;
		};
		7329335C1DCF773700235716 /* Release */ = {
			isa = XCBuildConfiguration;
			buildSettings = {
				ALWAYS_SEARCH_USER_PATHS = NO;
				CLANG_ANALYZER_LOCALIZABILITY_NONLOCALIZED = YES;
				CLANG_ANALYZER_NONNULL = YES;
				CLANG_CXX_LANGUAGE_STANDARD = "gnu++0x";
				CLANG_CXX_LIBRARY = "libc++";
				CLANG_ENABLE_MODULES = YES;
				CLANG_ENABLE_OBJC_ARC = YES;
				CLANG_WARN_BOOL_CONVERSION = YES;
				CLANG_WARN_CONSTANT_CONVERSION = YES;
				CLANG_WARN_DIRECT_OBJC_ISA_USAGE = YES_ERROR;
				CLANG_WARN_DOCUMENTATION_COMMENTS = YES;
				CLANG_WARN_EMPTY_BODY = YES;
				CLANG_WARN_ENUM_CONVERSION = YES;
				CLANG_WARN_INFINITE_RECURSION = YES;
				CLANG_WARN_INT_CONVERSION = YES;
				CLANG_WARN_OBJC_ROOT_CLASS = YES_ERROR;
				CLANG_WARN_SUSPICIOUS_MOVES = YES;
				CLANG_WARN_UNREACHABLE_CODE = YES;
				CLANG_WARN__DUPLICATE_METHOD_MATCH = YES;
				"CODE_SIGN_IDENTITY[sdk=iphoneos*]" = "iPhone Developer";
				COPY_PHASE_STRIP = NO;
				DEBUG_INFORMATION_FORMAT = "dwarf-with-dsym";
				ENABLE_NS_ASSERTIONS = NO;
				ENABLE_STRICT_OBJC_MSGSEND = YES;
				GCC_C_LANGUAGE_STANDARD = gnu99;
				GCC_NO_COMMON_BLOCKS = YES;
				GCC_WARN_64_TO_32_BIT_CONVERSION = YES;
				GCC_WARN_ABOUT_RETURN_TYPE = YES_ERROR;
				GCC_WARN_UNDECLARED_SELECTOR = YES;
				GCC_WARN_UNINITIALIZED_AUTOS = YES_AGGRESSIVE;
				GCC_WARN_UNUSED_FUNCTION = YES;
				GCC_WARN_UNUSED_VARIABLE = YES;
				IPHONEOS_DEPLOYMENT_TARGET = 10.0;
				MTL_ENABLE_DEBUG_INFO = NO;
				SDKROOT = iphoneos;
				SWIFT_OPTIMIZATION_LEVEL = "-Owholemodule";
				VALIDATE_PRODUCT = YES;
			};
			name = Release;
		};
		7329335E1DCF773700235716 /* Debug */ = {
			isa = XCBuildConfiguration;
			buildSettings = {
				ASSETCATALOG_COMPILER_APPICON_NAME = AppIcon;
				DEVELOPMENT_TEAM = GU36ZR7CU2;
				INFOPLIST_FILE = Project01/Info.plist;
				LD_RUNPATH_SEARCH_PATHS = "$(inherited) @executable_path/Frameworks";
				PRODUCT_BUNDLE_IDENTIFIER = com.ocasiocorp.Project01;
				PRODUCT_NAME = "$(TARGET_NAME)";
				SWIFT_VERSION = 3.0;
			};
			name = Debug;
		};
		7329335F1DCF773700235716 /* Release */ = {
			isa = XCBuildConfiguration;
			buildSettings = {
				ASSETCATALOG_COMPILER_APPICON_NAME = AppIcon;
				DEVELOPMENT_TEAM = GU36ZR7CU2;
				INFOPLIST_FILE = Project01/Info.plist;
				LD_RUNPATH_SEARCH_PATHS = "$(inherited) @executable_path/Frameworks";
				PRODUCT_BUNDLE_IDENTIFIER = com.ocasiocorp.Project01;
				PRODUCT_NAME = "$(TARGET_NAME)";
				SWIFT_VERSION = 3.0;
			};
			name = Release;
		};
/* End XCBuildConfiguration section */

/* Begin XCConfigurationList section */
		732933461DCF773700235716 /* Build configuration list for PBXProject "Project02" */ = {
			isa = XCConfigurationList;
			buildConfigurations = (
				7329335B1DCF773700235716 /* Debug */,
				7329335C1DCF773700235716 /* Release */,
			);
			defaultConfigurationIsVisible = 0;
			defaultConfigurationName = Release;
		};
		7329335D1DCF773700235716 /* Build configuration list for PBXNativeTarget "Project02" */ = {
			isa = XCConfigurationList;
			buildConfigurations = (
				7329335E1DCF773700235716 /* Debug */,
				7329335F1DCF773700235716 /* Release */,
			);
			defaultConfigurationIsVisible = 0;
			defaultConfigurationName = Release;
		};
/* End XCConfigurationList section */
	};
	rootObject = 732933431DCF773700235716 /* Project object */;
}
